// !$*UTF8*$!
{
	archiveVersion = 1;
	classes = {
	};
	objectVersion = 77;
	objects = {

/* Begin PBXContainerItemProxy section */
		96260ADC2D3BF34A00D4D250 /* PBXContainerItemProxy */ = {
			isa = PBXContainerItemProxy;
			containerPortal = 96260AC32D3BF34800D4D250 /* Project object */;
			proxyType = 1;
			remoteGlobalIDString = 96260ACA2D3BF34800D4D250;
			remoteInfo = ToDoMVVM;
		};
		96260AE62D3BF34A00D4D250 /* PBXContainerItemProxy */ = {
			isa = PBXContainerItemProxy;
			containerPortal = 96260AC32D3BF34800D4D250 /* Project object */;
			proxyType = 1;
			remoteGlobalIDString = 96260ACA2D3BF34800D4D250;
			remoteInfo = ToDoMVVM;
		};
/* End PBXContainerItemProxy section */

/* Begin PBXFileReference section */
		96260ACB2D3BF34800D4D250 /* ToDoMVVM.app */ = {isa = PBXFileReference; explicitFileType = wrapper.application; includeInIndex = 0; path = ToDoMVVM.app; sourceTree = BUILT_PRODUCTS_DIR; };
		96260ADB2D3BF34A00D4D250 /* ToDoMVVMTests.xctest */ = {isa = PBXFileReference; explicitFileType = wrapper.cfbundle; includeInIndex = 0; path = ToDoMVVMTests.xctest; sourceTree = BUILT_PRODUCTS_DIR; };
		96260AE52D3BF34A00D4D250 /* ToDoMVVMUITests.xctest */ = {isa = PBXFileReference; explicitFileType = wrapper.cfbundle; includeInIndex = 0; path = ToDoMVVMUITests.xctest; sourceTree = BUILT_PRODUCTS_DIR; };
/* End PBXFileReference section */

/* Begin PBXFileSystemSynchronizedRootGroup section */
		96260ACD2D3BF34800D4D250 /* ToDoMVVM */ = {
			isa = PBXFileSystemSynchronizedRootGroup;
			path = ToDoMVVM;
			sourceTree = "<group>";
		};
		96260ADE2D3BF34A00D4D250 /* ToDoMVVMTests */ = {
			isa = PBXFileSystemSynchronizedRootGroup;
			path = ToDoMVVMTests;
			sourceTree = "<group>";
		};
		96260AE82D3BF34A00D4D250 /* ToDoMVVMUITests */ = {
			isa = PBXFileSystemSynchronizedRootGroup;
			path = ToDoMVVMUITests;
			sourceTree = "<group>";
		};
/* End PBXFileSystemSynchronizedRootGroup section */

/* Begin PBXFrameworksBuildPhase section */
		96260AC82D3BF34800D4D250 /* Frameworks */ = {
			isa = PBXFrameworksBuildPhase;
			buildActionMask = 2147483647;
			files = (
			);
			runOnlyForDeploymentPostprocessing = 0;
		};
		96260AD82D3BF34A00D4D250 /* Frameworks */ = {
			isa = PBXFrameworksBuildPhase;
			buildActionMask = 2147483647;
			files = (
			);
			runOnlyForDeploymentPostprocessing = 0;
		};
		96260AE22D3BF34A00D4D250 /* Frameworks */ = {
			isa = PBXFrameworksBuildPhase;
			buildActionMask = 2147483647;
			files = (
			);
			runOnlyForDeploymentPostprocessing = 0;
		};
/* End PBXFrameworksBuildPhase section */

/* Begin PBXGroup section */
		96260AC22D3BF34800D4D250 = {
			isa = PBXGroup;
			children = (
				96260ACD2D3BF34800D4D250 /* ToDoMVVM */,
				96260ADE2D3BF34A00D4D250 /* ToDoMVVMTests */,
				96260AE82D3BF34A00D4D250 /* ToDoMVVMUITests */,
				96260ACC2D3BF34800D4D250 /* Products */,
			);
			sourceTree = "<group>";
		};
		96260ACC2D3BF34800D4D250 /* Products */ = {
			isa = PBXGroup;
			children = (
				96260ACB2D3BF34800D4D250 /* ToDoMVVM.app */,
				96260ADB2D3BF34A00D4D250 /* ToDoMVVMTests.xctest */,
				96260AE52D3BF34A00D4D250 /* ToDoMVVMUITests.xctest */,
			);
			name = Products;
			sourceTree = "<group>";
		};
/* End PBXGroup section */

/* Begin PBXNativeTarget section */
		96260ACA2D3BF34800D4D250 /* ToDoMVVM */ = {
			isa = PBXNativeTarget;
			buildConfigurationList = 96260AEF2D3BF34A00D4D250 /* Build configuration list for PBXNativeTarget "ToDoMVVM" */;
			buildPhases = (
				96260AC72D3BF34800D4D250 /* Sources */,
				96260AC82D3BF34800D4D250 /* Frameworks */,
				96260AC92D3BF34800D4D250 /* Resources */,
			);
			buildRules = (
			);
			dependencies = (
			);
			fileSystemSynchronizedGroups = (
				96260ACD2D3BF34800D4D250 /* ToDoMVVM */,
			);
			name = ToDoMVVM;
			packageProductDependencies = (
			);
			productName = ToDoMVVM;
			productReference = 96260ACB2D3BF34800D4D250 /* ToDoMVVM.app */;
			productType = "com.apple.product-type.application";
		};
		96260ADA2D3BF34A00D4D250 /* ToDoMVVMTests */ = {
			isa = PBXNativeTarget;
			buildConfigurationList = 96260AF22D3BF34A00D4D250 /* Build configuration list for PBXNativeTarget "ToDoMVVMTests" */;
			buildPhases = (
				96260AD72D3BF34A00D4D250 /* Sources */,
				96260AD82D3BF34A00D4D250 /* Frameworks */,
				96260AD92D3BF34A00D4D250 /* Resources */,
			);
			buildRules = (
			);
			dependencies = (
				96260ADD2D3BF34A00D4D250 /* PBXTargetDependency */,
			);
			fileSystemSynchronizedGroups = (
				96260ADE2D3BF34A00D4D250 /* ToDoMVVMTests */,
			);
			name = ToDoMVVMTests;
			packageProductDependencies = (
			);
			productName = ToDoMVVMTests;
			productReference = 96260ADB2D3BF34A00D4D250 /* ToDoMVVMTests.xctest */;
			productType = "com.apple.product-type.bundle.unit-test";
		};
		96260AE42D3BF34A00D4D250 /* ToDoMVVMUITests */ = {
			isa = PBXNativeTarget;
			buildConfigurationList = 96260AF52D3BF34A00D4D250 /* Build configuration list for PBXNativeTarget "ToDoMVVMUITests" */;
			buildPhases = (
				96260AE12D3BF34A00D4D250 /* Sources */,
				96260AE22D3BF34A00D4D250 /* Frameworks */,
				96260AE32D3BF34A00D4D250 /* Resources */,
			);
			buildRules = (
			);
			dependencies = (
				96260AE72D3BF34A00D4D250 /* PBXTargetDependency */,
			);
			fileSystemSynchronizedGroups = (
				96260AE82D3BF34A00D4D250 /* ToDoMVVMUITests */,
			);
			name = ToDoMVVMUITests;
			packageProductDependencies = (
			);
			productName = ToDoMVVMUITests;
			productReference = 96260AE52D3BF34A00D4D250 /* ToDoMVVMUITests.xctest */;
			productType = "com.apple.product-type.bundle.ui-testing";
		};
/* End PBXNativeTarget section */

/* Begin PBXProject section */
		96260AC32D3BF34800D4D250 /* Project object */ = {
			isa = PBXProject;
			attributes = {
				BuildIndependentTargetsInParallel = 1;
				LastSwiftUpdateCheck = 1620;
				LastUpgradeCheck = 1620;
				TargetAttributes = {
					96260ACA2D3BF34800D4D250 = {
						CreatedOnToolsVersion = 16.2;
					};
					96260ADA2D3BF34A00D4D250 = {
						CreatedOnToolsVersion = 16.2;
						TestTargetID = 96260ACA2D3BF34800D4D250;
					};
					96260AE42D3BF34A00D4D250 = {
						CreatedOnToolsVersion = 16.2;
						TestTargetID = 96260ACA2D3BF34800D4D250;
					};
				};
			};
			buildConfigurationList = 96260AC62D3BF34800D4D250 /* Build configuration list for PBXProject "ToDoMVVM" */;
			developmentRegion = en;
			hasScannedForEncodings = 0;
			knownRegions = (
				en,
				Base,
			);
			mainGroup = 96260AC22D3BF34800D4D250;
			minimizedProjectReferenceProxies = 1;
			preferredProjectObjectVersion = 77;
			productRefGroup = 96260ACC2D3BF34800D4D250 /* Products */;
			projectDirPath = "";
			projectRoot = "";
			targets = (
				96260ACA2D3BF34800D4D250 /* ToDoMVVM */,
				96260ADA2D3BF34A00D4D250 /* ToDoMVVMTests */,
				96260AE42D3BF34A00D4D250 /* ToDoMVVMUITests */,
			);
		};
/* End PBXProject section */

/* Begin PBXResourcesBuildPhase section */
		96260AC92D3BF34800D4D250 /* Resources */ = {
			isa = PBXResourcesBuildPhase;
			buildActionMask = 2147483647;
			files = (
			);
			runOnlyForDeploymentPostprocessing = 0;
		};
		96260AD92D3BF34A00D4D250 /* Resources */ = {
			isa = PBXResourcesBuildPhase;
			buildActionMask = 2147483647;
			files = (
			);
			runOnlyForDeploymentPostprocessing = 0;
		};
		96260AE32D3BF34A00D4D250 /* Resources */ = {
			isa = PBXResourcesBuildPhase;
			buildActionMask = 2147483647;
			files = (
			);
			runOnlyForDeploymentPostprocessing = 0;
		};
/* End PBXResourcesBuildPhase section */

/* Begin PBXSourcesBuildPhase section */
		96260AC72D3BF34800D4D250 /* Sources */ = {
			isa = PBXSourcesBuildPhase;
			buildActionMask = 2147483647;
			files = (
			);
			runOnlyForDeploymentPostprocessing = 0;
		};
		96260AD72D3BF34A00D4D250 /* Sources */ = {
			isa = PBXSourcesBuildPhase;
			buildActionMask = 2147483647;
			files = (
			);
			runOnlyForDeploymentPostprocessing = 0;
		};
		96260AE12D3BF34A00D4D250 /* Sources */ = {
			isa = PBXSourcesBuildPhase;
			buildActionMask = 2147483647;
			files = (
			);
			runOnlyForDeploymentPostprocessing = 0;
		};
/* End PBXSourcesBuildPhase section */

/* Begin PBXTargetDependency section */
		96260ADD2D3BF34A00D4D250 /* PBXTargetDependency */ = {
			isa = PBXTargetDependency;
			target = 96260ACA2D3BF34800D4D250 /* ToDoMVVM */;
			targetProxy = 96260ADC2D3BF34A00D4D250 /* PBXContainerItemProxy */;
		};
		96260AE72D3BF34A00D4D250 /* PBXTargetDependency */ = {
			isa = PBXTargetDependency;
			target = 96260ACA2D3BF34800D4D250 /* ToDoMVVM */;
			targetProxy = 96260AE62D3BF34A00D4D250 /* PBXContainerItemProxy */;
		};
/* End PBXTargetDependency section */

/* Begin XCBuildConfiguration section */
		96260AED2D3BF34A00D4D250 /* Debug */ = {
			isa = XCBuildConfiguration;
			buildSettings = {
				ALWAYS_SEARCH_USER_PATHS = NO;
				ASSETCATALOG_COMPILER_GENERATE_SWIFT_ASSET_SYMBOL_EXTENSIONS = YES;
				CLANG_ANALYZER_NONNULL = YES;
				CLANG_ANALYZER_NUMBER_OBJECT_CONVERSION = YES_AGGRESSIVE;
				CLANG_CXX_LANGUAGE_STANDARD = "gnu++20";
				CLANG_ENABLE_MODULES = YES;
				CLANG_ENABLE_OBJC_ARC = YES;
				CLANG_ENABLE_OBJC_WEAK = YES;
				CLANG_WARN_BLOCK_CAPTURE_AUTORELEASING = YES;
				CLANG_WARN_BOOL_CONVERSION = YES;
				CLANG_WARN_COMMA = YES;
				CLANG_WARN_CONSTANT_CONVERSION = YES;
				CLANG_WARN_DEPRECATED_OBJC_IMPLEMENTATIONS = YES;
				CLANG_WARN_DIRECT_OBJC_ISA_USAGE = YES_ERROR;
				CLANG_WARN_DOCUMENTATION_COMMENTS = YES;
				CLANG_WARN_EMPTY_BODY = YES;
				CLANG_WARN_ENUM_CONVERSION = YES;
				CLANG_WARN_INFINITE_RECURSION = YES;
				CLANG_WARN_INT_CONVERSION = YES;
				CLANG_WARN_NON_LITERAL_NULL_CONVERSION = YES;
				CLANG_WARN_OBJC_IMPLICIT_RETAIN_SELF = YES;
				CLANG_WARN_OBJC_LITERAL_CONVERSION = YES;
				CLANG_WARN_OBJC_ROOT_CLASS = YES_ERROR;
				CLANG_WARN_QUOTED_INCLUDE_IN_FRAMEWORK_HEADER = YES;
				CLANG_WARN_RANGE_LOOP_ANALYSIS = YES;
				CLANG_WARN_STRICT_PROTOTYPES = YES;
				CLANG_WARN_SUSPICIOUS_MOVE = YES;
				CLANG_WARN_UNGUARDED_AVAILABILITY = YES_AGGRESSIVE;
				CLANG_WARN_UNREACHABLE_CODE = YES;
				CLANG_WARN__DUPLICATE_METHOD_MATCH = YES;
				COPY_PHASE_STRIP = NO;
				DEBUG_INFORMATION_FORMAT = dwarf;
				ENABLE_STRICT_OBJC_MSGSEND = YES;
				ENABLE_TESTABILITY = YES;
				ENABLE_USER_SCRIPT_SANDBOXING = YES;
				GCC_C_LANGUAGE_STANDARD = gnu17;
				GCC_DYNAMIC_NO_PIC = NO;
				GCC_NO_COMMON_BLOCKS = YES;
				GCC_OPTIMIZATION_LEVEL = 0;
				GCC_PREPROCESSOR_DEFINITIONS = (
					"DEBUG=1",
					"$(inherited)",
				);
				GCC_WARN_64_TO_32_BIT_CONVERSION = YES;
				GCC_WARN_ABOUT_RETURN_TYPE = YES_ERROR;
				GCC_WARN_UNDECLARED_SELECTOR = YES;
				GCC_WARN_UNINITIALIZED_AUTOS = YES_AGGRESSIVE;
				GCC_WARN_UNUSED_FUNCTION = YES;
				GCC_WARN_UNUSED_VARIABLE = YES;
				IPHONEOS_DEPLOYMENT_TARGET = 18.2;
				LOCALIZATION_PREFERS_STRING_CATALOGS = YES;
				MTL_ENABLE_DEBUG_INFO = INCLUDE_SOURCE;
				MTL_FAST_MATH = YES;
				ONLY_ACTIVE_ARCH = YES;
				SDKROOT = iphoneos;
				SWIFT_ACTIVE_COMPILATION_CONDITIONS = "DEBUG $(inherited)";
				SWIFT_OPTIMIZATION_LEVEL = "-Onone";
			};
			name = Debug;
		};
		96260AEE2D3BF34A00D4D250 /* Release */ = {
			isa = XCBuildConfiguration;
			buildSettings = {
				ALWAYS_SEARCH_USER_PATHS = NO;
				ASSETCATALOG_COMPILER_GENERATE_SWIFT_ASSET_SYMBOL_EXTENSIONS = YES;
				CLANG_ANALYZER_NONNULL = YES;
				CLANG_ANALYZER_NUMBER_OBJECT_CONVERSION = YES_AGGRESSIVE;
				CLANG_CXX_LANGUAGE_STANDARD = "gnu++20";
				CLANG_ENABLE_MODULES = YES;
				CLANG_ENABLE_OBJC_ARC = YES;
				CLANG_ENABLE_OBJC_WEAK = YES;
				CLANG_WARN_BLOCK_CAPTURE_AUTORELEASING = YES;
				CLANG_WARN_BOOL_CONVERSION = YES;
				CLANG_WARN_COMMA = YES;
				CLANG_WARN_CONSTANT_CONVERSION = YES;
				CLANG_WARN_DEPRECATED_OBJC_IMPLEMENTATIONS = YES;
				CLANG_WARN_DIRECT_OBJC_ISA_USAGE = YES_ERROR;
				CLANG_WARN_DOCUMENTATION_COMMENTS = YES;
				CLANG_WARN_EMPTY_BODY = YES;
				CLANG_WARN_ENUM_CONVERSION = YES;
				CLANG_WARN_INFINITE_RECURSION = YES;
				CLANG_WARN_INT_CONVERSION = YES;
				CLANG_WARN_NON_LITERAL_NULL_CONVERSION = YES;
				CLANG_WARN_OBJC_IMPLICIT_RETAIN_SELF = YES;
				CLANG_WARN_OBJC_LITERAL_CONVERSION = YES;
				CLANG_WARN_OBJC_ROOT_CLASS = YES_ERROR;
				CLANG_WARN_QUOTED_INCLUDE_IN_FRAMEWORK_HEADER = YES;
				CLANG_WARN_RANGE_LOOP_ANALYSIS = YES;
				CLANG_WARN_STRICT_PROTOTYPES = YES;
				CLANG_WARN_SUSPICIOUS_MOVE = YES;
				CLANG_WARN_UNGUARDED_AVAILABILITY = YES_AGGRESSIVE;
				CLANG_WARN_UNREACHABLE_CODE = YES;
				CLANG_WARN__DUPLICATE_METHOD_MATCH = YES;
				COPY_PHASE_STRIP = NO;
				DEBUG_INFORMATION_FORMAT = "dwarf-with-dsym";
				ENABLE_NS_ASSERTIONS = NO;
				ENABLE_STRICT_OBJC_MSGSEND = YES;
				ENABLE_USER_SCRIPT_SANDBOXING = YES;
				GCC_C_LANGUAGE_STANDARD = gnu17;
				GCC_NO_COMMON_BLOCKS = YES;
				GCC_WARN_64_TO_32_BIT_CONVERSION = YES;
				GCC_WARN_ABOUT_RETURN_TYPE = YES_ERROR;
				GCC_WARN_UNDECLARED_SELECTOR = YES;
				GCC_WARN_UNINITIALIZED_AUTOS = YES_AGGRESSIVE;
				GCC_WARN_UNUSED_FUNCTION = YES;
				GCC_WARN_UNUSED_VARIABLE = YES;
				IPHONEOS_DEPLOYMENT_TARGET = 18.2;
				LOCALIZATION_PREFERS_STRING_CATALOGS = YES;
				MTL_ENABLE_DEBUG_INFO = NO;
				MTL_FAST_MATH = YES;
				SDKROOT = iphoneos;
				SWIFT_COMPILATION_MODE = wholemodule;
				VALIDATE_PRODUCT = YES;
			};
			name = Release;
		};
		96260AF02D3BF34A00D4D250 /* Debug */ = {
			isa = XCBuildConfiguration;
			buildSettings = {
				ASSETCATALOG_COMPILER_APPICON_NAME = AppIcon;
				ASSETCATALOG_COMPILER_GLOBAL_ACCENT_COLOR_NAME = AccentColor;
				CODE_SIGN_STYLE = Automatic;
				CURRENT_PROJECT_VERSION = 1;
				DEVELOPMENT_ASSET_PATHS = "\"ToDoMVVM/Preview Content\"";
				ENABLE_PREVIEWS = YES;
				GENERATE_INFOPLIST_FILE = YES;
				INFOPLIST_KEY_UIApplicationSceneManifest_Generation = YES;
				INFOPLIST_KEY_UIApplicationSupportsIndirectInputEvents = YES;
				INFOPLIST_KEY_UILaunchScreen_Generation = YES;
				INFOPLIST_KEY_UISupportedInterfaceOrientations_iPad = "UIInterfaceOrientationPortrait UIInterfaceOrientationPortraitUpsideDown UIInterfaceOrientationLandscapeLeft UIInterfaceOrientationLandscapeRight";
				INFOPLIST_KEY_UISupportedInterfaceOrientations_iPhone = "UIInterfaceOrientationPortrait UIInterfaceOrientationLandscapeLeft UIInterfaceOrientationLandscapeRight";
				LD_RUNPATH_SEARCH_PATHS = (
					"$(inherited)",
					"@executable_path/Frameworks",
				);
				MARKETING_VERSION = 1.0;
				PRODUCT_BUNDLE_IDENTIFIER = test.ToDoMVVM;
				PRODUCT_NAME = "$(TARGET_NAME)";
				SWIFT_EMIT_LOC_STRINGS = YES;
				SWIFT_VERSION = 5.0;
				TARGETED_DEVICE_FAMILY = "1,2";
			};
			name = Debug;
		};
		96260AF12D3BF34A00D4D250 /* Release */ = {
			isa = XCBuildConfiguration;
			buildSettings = {
				ASSETCATALOG_COMPILER_APPICON_NAME = AppIcon;
				ASSETCATALOG_COMPILER_GLOBAL_ACCENT_COLOR_NAME = AccentColor;
				CODE_SIGN_STYLE = Automatic;
				CURRENT_PROJECT_VERSION = 1;
				DEVELOPMENT_ASSET_PATHS = "\"ToDoMVVM/Preview Content\"";
				ENABLE_PREVIEWS = YES;
				GENERATE_INFOPLIST_FILE = YES;
				INFOPLIST_KEY_UIApplicationSceneManifest_Generation = YES;
				INFOPLIST_KEY_UIApplicationSupportsIndirectInputEvents = YES;
				INFOPLIST_KEY_UILaunchScreen_Generation = YES;
				INFOPLIST_KEY_UISupportedInterfaceOrientations_iPad = "UIInterfaceOrientationPortrait UIInterfaceOrientationPortraitUpsideDown UIInterfaceOrientationLandscapeLeft UIInterfaceOrientationLandscapeRight";
				INFOPLIST_KEY_UISupportedInterfaceOrientations_iPhone = "UIInterfaceOrientationPortrait UIInterfaceOrientationLandscapeLeft UIInterfaceOrientationLandscapeRight";
				LD_RUNPATH_SEARCH_PATHS = (
					"$(inherited)",
					"@executable_path/Frameworks",
				);
				MARKETING_VERSION = 1.0;
				PRODUCT_BUNDLE_IDENTIFIER = test.ToDoMVVM;
				PRODUCT_NAME = "$(TARGET_NAME)";
				SWIFT_EMIT_LOC_STRINGS = YES;
				SWIFT_VERSION = 5.0;
				TARGETED_DEVICE_FAMILY = "1,2";
			};
			name = Release;
		};
		96260AF32D3BF34A00D4D250 /* Debug */ = {
			isa = XCBuildConfiguration;
			buildSettings = {
				BUNDLE_LOADER = "$(TEST_HOST)";
				CODE_SIGN_STYLE = Automatic;
				CURRENT_PROJECT_VERSION = 1;
				GENERATE_INFOPLIST_FILE = YES;
				IPHONEOS_DEPLOYMENT_TARGET = 18.2;
				MARKETING_VERSION = 1.0;
				PRODUCT_BUNDLE_IDENTIFIER = test.ToDoMVVMTests;
				PRODUCT_NAME = "$(TARGET_NAME)";
				SWIFT_EMIT_LOC_STRINGS = NO;
				SWIFT_VERSION = 5.0;
				TARGETED_DEVICE_FAMILY = "1,2";
				TEST_HOST = "$(BUILT_PRODUCTS_DIR)/ToDoMVVM.app/$(BUNDLE_EXECUTABLE_FOLDER_PATH)/ToDoMVVM";
			};
			name = Debug;
		};
		96260AF42D3BF34A00D4D250 /* Release */ = {
			isa = XCBuildConfiguration;
			buildSettings = {
				BUNDLE_LOADER = "$(TEST_HOST)";
				CODE_SIGN_STYLE = Automatic;
				CURRENT_PROJECT_VERSION = 1;
				GENERATE_INFOPLIST_FILE = YES;
				IPHONEOS_DEPLOYMENT_TARGET = 18.2;
				MARKETING_VERSION = 1.0;
				PRODUCT_BUNDLE_IDENTIFIER = test.ToDoMVVMTests;
				PRODUCT_NAME = "$(TARGET_NAME)";
				SWIFT_EMIT_LOC_STRINGS = NO;
				SWIFT_VERSION = 5.0;
				TARGETED_DEVICE_FAMILY = "1,2";
				TEST_HOST = "$(BUILT_PRODUCTS_DIR)/ToDoMVVM.app/$(BUNDLE_EXECUTABLE_FOLDER_PATH)/ToDoMVVM";
			};
			name = Release;
		};
		96260AF62D3BF34A00D4D250 /* Debug */ = {
			isa = XCBuildConfiguration;
			buildSettings = {
				CODE_SIGN_STYLE = Automatic;
				CURRENT_PROJECT_VERSION = 1;
				GENERATE_INFOPLIST_FILE = YES;
				MARKETING_VERSION = 1.0;
				PRODUCT_BUNDLE_IDENTIFIER = test.ToDoMVVMUITests;
				PRODUCT_NAME = "$(TARGET_NAME)";
				SWIFT_EMIT_LOC_STRINGS = NO;
				SWIFT_VERSION = 5.0;
				TARGETED_DEVICE_FAMILY = "1,2";
				TEST_TARGET_NAME = ToDoMVVM;
			};
			name = Debug;
		};
		96260AF72D3BF34A00D4D250 /* Release */ = {
			isa = XCBuildConfiguration;
			buildSettings = {
				CODE_SIGN_STYLE = Automatic;
				CURRENT_PROJECT_VERSION = 1;
				GENERATE_INFOPLIST_FILE = YES;
				MARKETING_VERSION = 1.0;
				PRODUCT_BUNDLE_IDENTIFIER = test.ToDoMVVMUITests;
				PRODUCT_NAME = "$(TARGET_NAME)";
				SWIFT_EMIT_LOC_STRINGS = NO;
				SWIFT_VERSION = 5.0;
				TARGETED_DEVICE_FAMILY = "1,2";
				TEST_TARGET_NAME = ToDoMVVM;
			};
			name = Release;
		};
/* End XCBuildConfiguration section */

/* Begin XCConfigurationList section */
		96260AC62D3BF34800D4D250 /* Build configuration list for PBXProject "ToDoMVVM" */ = {
			isa = XCConfigurationList;
			buildConfigurations = (
				96260AED2D3BF34A00D4D250 /* Debug */,
				96260AEE2D3BF34A00D4D250 /* Release */,
			);
			defaultConfigurationIsVisible = 0;
			defaultConfigurationName = Release;
		};
		96260AEF2D3BF34A00D4D250 /* Build configuration list for PBXNativeTarget "ToDoMVVM" */ = {
			isa = XCConfigurationList;
			buildConfigurations = (
				96260AF02D3BF34A00D4D250 /* Debug */,
				96260AF12D3BF34A00D4D250 /* Release */,
			);
			defaultConfigurationIsVisible = 0;
			defaultConfigurationName = Release;
		};
		96260AF22D3BF34A00D4D250 /* Build configuration list for PBXNativeTarget "ToDoMVVMTests" */ = {
			isa = XCConfigurationList;
			buildConfigurations = (
				96260AF32D3BF34A00D4D250 /* Debug */,
				96260AF42D3BF34A00D4D250 /* Release */,
			);
			defaultConfigurationIsVisible = 0;
			defaultConfigurationName = Release;
		};
		96260AF52D3BF34A00D4D250 /* Build configuration list for PBXNativeTarget "ToDoMVVMUITests" */ = {
			isa = XCConfigurationList;
			buildConfigurations = (
				96260AF62D3BF34A00D4D250 /* Debug */,
				96260AF72D3BF34A00D4D250 /* Release */,
			);
			defaultConfigurationIsVisible = 0;
			defaultConfigurationName = Release;
		};
/* End XCConfigurationList section */
	};
	rootObject = 96260AC32D3BF34800D4D250 /* Project object */;
}
